
Microsoft Visual Studio Solution File, Format Version 12.00
# Visual Studio Version 16
VisualStudioVersion = 16.0.29728.190
MinimumVisualStudioVersion = 10.0.40219.1
Project("{9A19103F-16F7-4668-BE54-9A1E7A4F7556}") = "MaterialTracker.Application", "MaterialTracker.Application\MaterialTracker.Application.csproj", "{DD76D7E0-4DD3-4CE2-A5C5-3460F1780748}"
EndProject
Project("{FAE04EC0-301F-11D3-BF4B-00C04F79EFBC}") = "MaterialTracker.Application.Tests", "MaterialTracker.Application.Tests\MaterialTracker.Application.Tests.csproj", "{D93AFD91-C806-4CB3-86CF-CBD14FE5A290}"
EndProject
Global
	GlobalSection(SolutionConfigurationPlatforms) = preSolution
		Debug|Any CPU = Debug|Any CPU
		Release|Any CPU = Release|Any CPU
	EndGlobalSection
	GlobalSection(ProjectConfigurationPlatforms) = postSolution
		{DD76D7E0-4DD3-4CE2-A5C5-3460F1780748}.Debug|Any CPU.ActiveCfg = Debug|Any CPU
		{DD76D7E0-4DD3-4CE2-A5C5-3460F1780748}.Debug|Any CPU.Build.0 = Debug|Any CPU
		{DD76D7E0-4DD3-4CE2-A5C5-3460F1780748}.Release|Any CPU.ActiveCfg = Release|Any CPU
		{DD76D7E0-4DD3-4CE2-A5C5-3460F1780748}.Release|Any CPU.Build.0 = Release|Any CPU
		{D93AFD91-C806-4CB3-86CF-CBD14FE5A290}.Debug|Any CPU.ActiveCfg = Debug|Any CPU
		{D93AFD91-C806-4CB3-86CF-CBD14FE5A290}.Debug|Any CPU.Build.0 = Debug|Any CPU
		{D93AFD91-C806-4CB3-86CF-CBD14FE5A290}.Release|Any CPU.ActiveCfg = Release|Any CPU
		{D93AFD91-C806-4CB3-86CF-CBD14FE5A290}.Release|Any CPU.Build.0 = Release|Any CPU
	EndGlobalSection
	GlobalSection(SolutionProperties) = preSolution
		HideSolutionNode = FALSE
	EndGlobalSection
	GlobalSection(ExtensibilityGlobals) = postSolution
		SolutionGuid = {63BDAC90-F78A-4B82-8CED-751531111BD8}
	EndGlobalSection
EndGlobal
